
Microsoft Visual Studio Solution File, Format Version 12.00
# Visual Studio 2013
VisualStudioVersion = 12.0.0.0
Project("{FAE04EC0-301F-11D3-BF4B-00C04F79EFBC}") = "RtlSdrManager", "RtlSdrManager\RtlSdrManager.csproj", "{CB17ECCC-F569-47EF-9A1B-DD5F9210C868}"
EndProject
Project("{FAE04EC0-301F-11D3-BF4B-00C04F79EFBC}") = "RtlSdrManagerDemo", "RtlSdrManagerDemo\RtlSdrManagerDemo.csproj", "{B2F81B4C-9839-4616-B2FB-E9530BF46CB8}"
EndProject
Global
	GlobalSection(ProjectConfigurationPlatforms) = postSolution
		{CB17ECCC-F569-47EF-9A1B-DD5F9210C868}.Debug|Any CPU.ActiveCfg = Debug|Any CPU
		{CB17ECCC-F569-47EF-9A1B-DD5F9210C868}.Debug|Any CPU.Build.0 = Debug|Any CPU
		{CB17ECCC-F569-47EF-9A1B-DD5F9210C868}.Release|Any CPU.ActiveCfg = Release|Any CPU
		{CB17ECCC-F569-47EF-9A1B-DD5F9210C868}.Release|Any CPU.Build.0 = Release|Any CPU
		{B2F81B4C-9839-4616-B2FB-E9530BF46CB8}.Debug|Any CPU.ActiveCfg = Debug|Any CPU
		{B2F81B4C-9839-4616-B2FB-E9530BF46CB8}.Debug|Any CPU.Build.0 = Debug|Any CPU
		{B2F81B4C-9839-4616-B2FB-E9530BF46CB8}.Release|Any CPU.ActiveCfg = Release|Any CPU
		{B2F81B4C-9839-4616-B2FB-E9530BF46CB8}.Release|Any CPU.Build.0 = Release|Any CPU
	EndGlobalSection
	GlobalSection(SolutionConfigurationPlatforms) = preSolution
		Debug|Any CPU = Debug|Any CPU
		Release|Any CPU = Release|Any CPU
	EndGlobalSection
EndGlobal
